
Microsoft Visual Studio Solution File, Format Version 12.00
# Visual Studio Version 17
VisualStudioVersion = 17.14.36202.13 d17.14
MinimumVisualStudioVersion = 10.0.40219.1
Project("{FAE04EC0-301F-11D3-BF4B-00C04F79EFBC}") = "Extra-03", "Extra-03\Extra-03.csproj", "{CAB44B5F-9FD0-4368-B984-938BAE0366AD}"
EndProject
Global
	GlobalSection(SolutionConfigurationPlatforms) = preSolution
		Debug|Any CPU = Debug|Any CPU
		Release|Any CPU = Release|Any CPU
	EndGlobalSection
	GlobalSection(ProjectConfigurationPlatforms) = postSolution
		{CAB44B5F-9FD0-4368-B984-938BAE0366AD}.Debug|Any CPU.ActiveCfg = Debug|Any CPU
		{CAB44B5F-9FD0-4368-B984-938BAE0366AD}.Debug|Any CPU.Build.0 = Debug|Any CPU
		{CAB44B5F-9FD0-4368-B984-938BAE0366AD}.Release|Any CPU.ActiveCfg = Release|Any CPU
		{CAB44B5F-9FD0-4368-B984-938BAE0366AD}.Release|Any CPU.Build.0 = Release|Any CPU
	EndGlobalSection
	GlobalSection(SolutionProperties) = preSolution
		HideSolutionNode = FALSE
	EndGlobalSection
	GlobalSection(ExtensibilityGlobals) = postSolution
		SolutionGuid = {E99DE5B7-F665-4608-9434-3762559B6564}
	EndGlobalSection
EndGlobal
