
Microsoft Visual Studio Solution File, Format Version 12.00
# Visual Studio Version 17
VisualStudioVersion = 17.14.36202.13 d17.14
MinimumVisualStudioVersion = 10.0.40219.1
Project("{FAE04EC0-301F-11D3-BF4B-00C04F79EFBC}") = "Atividade-11", "Atividade-11\Atividade-11.csproj", "{9F3461E2-CCEA-40CE-B5CE-4C6897A9E90E}"
EndProject
Global
	GlobalSection(SolutionConfigurationPlatforms) = preSolution
		Debug|Any CPU = Debug|Any CPU
		Release|Any CPU = Release|Any CPU
	EndGlobalSection
	GlobalSection(ProjectConfigurationPlatforms) = postSolution
		{9F3461E2-CCEA-40CE-B5CE-4C6897A9E90E}.Debug|Any CPU.ActiveCfg = Debug|Any CPU
		{9F3461E2-CCEA-40CE-B5CE-4C6897A9E90E}.Debug|Any CPU.Build.0 = Debug|Any CPU
		{9F3461E2-CCEA-40CE-B5CE-4C6897A9E90E}.Release|Any CPU.ActiveCfg = Release|Any CPU
		{9F3461E2-CCEA-40CE-B5CE-4C6897A9E90E}.Release|Any CPU.Build.0 = Release|Any CPU
	EndGlobalSection
	GlobalSection(SolutionProperties) = preSolution
		HideSolutionNode = FALSE
	EndGlobalSection
	GlobalSection(ExtensibilityGlobals) = postSolution
		SolutionGuid = {29987558-1B76-48E2-A87B-277C1FE3CEBE}
	EndGlobalSection
EndGlobal
