
Microsoft Visual Studio Solution File, Format Version 12.00
# Visual Studio Version 17
VisualStudioVersion = 17.14.36202.13 d17.14
MinimumVisualStudioVersion = 10.0.40219.1
Project("{FAE04EC0-301F-11D3-BF4B-00C04F79EFBC}") = "Atividade-03", "Atividade-03\Atividade-03.csproj", "{A7FB3A1F-207D-487B-8249-BB149B56C978}"
EndProject
Global
	GlobalSection(SolutionConfigurationPlatforms) = preSolution
		Debug|Any CPU = Debug|Any CPU
		Release|Any CPU = Release|Any CPU
	EndGlobalSection
	GlobalSection(ProjectConfigurationPlatforms) = postSolution
		{A7FB3A1F-207D-487B-8249-BB149B56C978}.Debug|Any CPU.ActiveCfg = Debug|Any CPU
		{A7FB3A1F-207D-487B-8249-BB149B56C978}.Debug|Any CPU.Build.0 = Debug|Any CPU
		{A7FB3A1F-207D-487B-8249-BB149B56C978}.Release|Any CPU.ActiveCfg = Release|Any CPU
		{A7FB3A1F-207D-487B-8249-BB149B56C978}.Release|Any CPU.Build.0 = Release|Any CPU
	EndGlobalSection
	GlobalSection(SolutionProperties) = preSolution
		HideSolutionNode = FALSE
	EndGlobalSection
	GlobalSection(ExtensibilityGlobals) = postSolution
		SolutionGuid = {C2B82B39-686B-4E98-BE34-13844CFE0231}
	EndGlobalSection
EndGlobal
