
Microsoft Visual Studio Solution File, Format Version 12.00
# Visual Studio Version 17
VisualStudioVersion = 17.14.36202.13 d17.14
MinimumVisualStudioVersion = 10.0.40219.1
Project("{FAE04EC0-301F-11D3-BF4B-00C04F79EFBC}") = "Atividade-07", "Atividade-07\Atividade-07.csproj", "{F5B36E70-13DD-4C64-9CCE-606910B3EA5B}"
EndProject
Global
	GlobalSection(SolutionConfigurationPlatforms) = preSolution
		Debug|Any CPU = Debug|Any CPU
		Release|Any CPU = Release|Any CPU
	EndGlobalSection
	GlobalSection(ProjectConfigurationPlatforms) = postSolution
		{F5B36E70-13DD-4C64-9CCE-606910B3EA5B}.Debug|Any CPU.ActiveCfg = Debug|Any CPU
		{F5B36E70-13DD-4C64-9CCE-606910B3EA5B}.Debug|Any CPU.Build.0 = Debug|Any CPU
		{F5B36E70-13DD-4C64-9CCE-606910B3EA5B}.Release|Any CPU.ActiveCfg = Release|Any CPU
		{F5B36E70-13DD-4C64-9CCE-606910B3EA5B}.Release|Any CPU.Build.0 = Release|Any CPU
	EndGlobalSection
	GlobalSection(SolutionProperties) = preSolution
		HideSolutionNode = FALSE
	EndGlobalSection
	GlobalSection(ExtensibilityGlobals) = postSolution
		SolutionGuid = {B9D95198-2B68-4E3A-8866-011391584A19}
	EndGlobalSection
EndGlobal
