
Microsoft Visual Studio Solution File, Format Version 12.00
# Visual Studio Version 17
VisualStudioVersion = 17.5.33627.172
MinimumVisualStudioVersion = 10.0.40219.1
Project("{FAE04EC0-301F-11D3-BF4B-00C04F79EFBC}") = "Atividade-16", "Atividade-16\Atividade-16.csproj", "{B9E1899E-FF3C-49A1-88F8-653BD01576C2}"
EndProject
Global
	GlobalSection(SolutionConfigurationPlatforms) = preSolution
		Debug|Any CPU = Debug|Any CPU
		Release|Any CPU = Release|Any CPU
	EndGlobalSection
	GlobalSection(ProjectConfigurationPlatforms) = postSolution
		{B9E1899E-FF3C-49A1-88F8-653BD01576C2}.Debug|Any CPU.ActiveCfg = Debug|Any CPU
		{B9E1899E-FF3C-49A1-88F8-653BD01576C2}.Debug|Any CPU.Build.0 = Debug|Any CPU
		{B9E1899E-FF3C-49A1-88F8-653BD01576C2}.Release|Any CPU.ActiveCfg = Release|Any CPU
		{B9E1899E-FF3C-49A1-88F8-653BD01576C2}.Release|Any CPU.Build.0 = Release|Any CPU
	EndGlobalSection
	GlobalSection(SolutionProperties) = preSolution
		HideSolutionNode = FALSE
	EndGlobalSection
	GlobalSection(ExtensibilityGlobals) = postSolution
		SolutionGuid = {7599B84E-65F9-4C6C-8E58-BE9BD64C286E}
	EndGlobalSection
EndGlobal
